
Microsoft Visual Studio Solution File, Format Version 12.00
# Visual Studio 2012
Project("{8BC9CEB8-8B4A-11D0-8D11-00A0C91BC942}") = "process_synchronization", "process_synchronization\process_synchronization.vcxproj", "{B197ABBD-FE72-4264-8197-FD32CAB0DA6C}"
EndProject
Project("{8BC9CEB8-8B4A-11D0-8D11-00A0C91BC942}") = "banker_algorithm", "banker_algorithm\banker_algorithm.vcxproj", "{17B32092-7BB7-45D7-817D-1D8A473E4D9F}"
EndProject
Project("{8BC9CEB8-8B4A-11D0-8D11-00A0C91BC942}") = "win32", "win32\win32.vcxproj", "{1D8E61B3-D10A-4A9F-93D3-C9500B08DDB0}"
EndProject
Global
	GlobalSection(SolutionConfigurationPlatforms) = preSolution
		Debug|Win32 = Debug|Win32
		Release|Win32 = Release|Win32
	EndGlobalSection
	GlobalSection(ProjectConfigurationPlatforms) = postSolution
		{B197ABBD-FE72-4264-8197-FD32CAB0DA6C}.Debug|Win32.ActiveCfg = Debug|Win32
		{B197ABBD-FE72-4264-8197-FD32CAB0DA6C}.Debug|Win32.Build.0 = Debug|Win32
		{B197ABBD-FE72-4264-8197-FD32CAB0DA6C}.Release|Win32.ActiveCfg = Release|Win32
		{B197ABBD-FE72-4264-8197-FD32CAB0DA6C}.Release|Win32.Build.0 = Release|Win32
		{17B32092-7BB7-45D7-817D-1D8A473E4D9F}.Debug|Win32.ActiveCfg = Debug|Win32
		{17B32092-7BB7-45D7-817D-1D8A473E4D9F}.Debug|Win32.Build.0 = Debug|Win32
		{17B32092-7BB7-45D7-817D-1D8A473E4D9F}.Release|Win32.ActiveCfg = Release|Win32
		{17B32092-7BB7-45D7-817D-1D8A473E4D9F}.Release|Win32.Build.0 = Release|Win32
		{1D8E61B3-D10A-4A9F-93D3-C9500B08DDB0}.Debug|Win32.ActiveCfg = Debug|Win32
		{1D8E61B3-D10A-4A9F-93D3-C9500B08DDB0}.Debug|Win32.Build.0 = Debug|Win32
		{1D8E61B3-D10A-4A9F-93D3-C9500B08DDB0}.Release|Win32.ActiveCfg = Release|Win32
		{1D8E61B3-D10A-4A9F-93D3-C9500B08DDB0}.Release|Win32.Build.0 = Release|Win32
	EndGlobalSection
	GlobalSection(SolutionProperties) = preSolution
		HideSolutionNode = FALSE
	EndGlobalSection
EndGlobal
